
Microsoft Visual Studio Solution File, Format Version 12.00
# Visual Studio Version 16
VisualStudioVersion = 16.0.30309.148
MinimumVisualStudioVersion = 10.0.40219.1
Project("{9A19103F-16F7-4668-BE54-9A1E7A4F7556}") = "blog", "blog.csproj", "{91ED876E-4A19-4CDD-9E70-09E3C533A62F}"
EndProject
Project("{9A19103F-16F7-4668-BE54-9A1E7A4F7556}") = "comments", "..\comments\comments.csproj", "{4C421D0E-E715-439C-A5CD-374AD4477D5B}"
EndProject
Project("{9A19103F-16F7-4668-BE54-9A1E7A4F7556}") = "posts", "..\posts\posts.csproj", "{DEE13E5E-927C-4A11-A80E-56D37329D5C5}"
EndProject
Project("{9A19103F-16F7-4668-BE54-9A1E7A4F7556}") = "Likes", "..\Likes\Likes.csproj", "{C39AF18B-6577-4DF2-A793-9617CF1904C2}"
EndProject
Project("{9A19103F-16F7-4668-BE54-9A1E7A4F7556}") = "Post_text_maping", "..\Post_text_maping\Post_text_maping.csproj", "{44166D3A-CA02-4FEA-8B22-2737E9883D51}"
EndProject
Global
	GlobalSection(SolutionConfigurationPlatforms) = preSolution
		Debug|Any CPU = Debug|Any CPU
		Release|Any CPU = Release|Any CPU
	EndGlobalSection
	GlobalSection(ProjectConfigurationPlatforms) = postSolution
		{91ED876E-4A19-4CDD-9E70-09E3C533A62F}.Debug|Any CPU.ActiveCfg = Debug|Any CPU
		{91ED876E-4A19-4CDD-9E70-09E3C533A62F}.Debug|Any CPU.Build.0 = Debug|Any CPU
		{91ED876E-4A19-4CDD-9E70-09E3C533A62F}.Release|Any CPU.ActiveCfg = Release|Any CPU
		{91ED876E-4A19-4CDD-9E70-09E3C533A62F}.Release|Any CPU.Build.0 = Release|Any CPU
		{4C421D0E-E715-439C-A5CD-374AD4477D5B}.Debug|Any CPU.ActiveCfg = Debug|Any CPU
		{4C421D0E-E715-439C-A5CD-374AD4477D5B}.Debug|Any CPU.Build.0 = Debug|Any CPU
		{4C421D0E-E715-439C-A5CD-374AD4477D5B}.Release|Any CPU.ActiveCfg = Release|Any CPU
		{4C421D0E-E715-439C-A5CD-374AD4477D5B}.Release|Any CPU.Build.0 = Release|Any CPU
		{DEE13E5E-927C-4A11-A80E-56D37329D5C5}.Debug|Any CPU.ActiveCfg = Debug|Any CPU
		{DEE13E5E-927C-4A11-A80E-56D37329D5C5}.Debug|Any CPU.Build.0 = Debug|Any CPU
		{DEE13E5E-927C-4A11-A80E-56D37329D5C5}.Release|Any CPU.ActiveCfg = Release|Any CPU
		{DEE13E5E-927C-4A11-A80E-56D37329D5C5}.Release|Any CPU.Build.0 = Release|Any CPU
		{C39AF18B-6577-4DF2-A793-9617CF1904C2}.Debug|Any CPU.ActiveCfg = Debug|Any CPU
		{C39AF18B-6577-4DF2-A793-9617CF1904C2}.Debug|Any CPU.Build.0 = Debug|Any CPU
		{C39AF18B-6577-4DF2-A793-9617CF1904C2}.Release|Any CPU.ActiveCfg = Release|Any CPU
		{C39AF18B-6577-4DF2-A793-9617CF1904C2}.Release|Any CPU.Build.0 = Release|Any CPU
		{44166D3A-CA02-4FEA-8B22-2737E9883D51}.Debug|Any CPU.ActiveCfg = Debug|Any CPU
		{44166D3A-CA02-4FEA-8B22-2737E9883D51}.Debug|Any CPU.Build.0 = Debug|Any CPU
		{44166D3A-CA02-4FEA-8B22-2737E9883D51}.Release|Any CPU.ActiveCfg = Release|Any CPU
		{44166D3A-CA02-4FEA-8B22-2737E9883D51}.Release|Any CPU.Build.0 = Release|Any CPU
	EndGlobalSection
	GlobalSection(SolutionProperties) = preSolution
		HideSolutionNode = FALSE
	EndGlobalSection
	GlobalSection(ExtensibilityGlobals) = postSolution
		SolutionGuid = {EC69FC77-FF23-41F3-8974-D25E73EA961E}
	EndGlobalSection
EndGlobal
